
Microsoft Visual Studio Solution File, Format Version 12.00
# Visual Studio Version 17
VisualStudioVersion = 17.4.33213.308
MinimumVisualStudioVersion = 10.0.40219.1
Project("{9A19103F-16F7-4668-BE54-9A1E7A4F7556}") = "TaxCalculator", "TaxCalculator\TaxCalculator.csproj", "{1B391664-156E-49B9-821E-A835E90BEFF0}"
EndProject
Project("{FAE04EC0-301F-11D3-BF4B-00C04F79EFBC}") = "TaxCalculator.Contract", "TaxCalculator.Contract\TaxCalculator.Contract.csproj", "{6D3238D2-50EF-44ED-9A60-32BA1E18C753}"
EndProject
Project("{FAE04EC0-301F-11D3-BF4B-00C04F79EFBC}") = "TaxCalculator.Model", "TaxCalculator.Model\TaxCalculator.Model.csproj", "{ED70CC79-3DCB-4076-A53D-BD97F153053F}"
EndProject
Project("{2150E333-8FDC-42A3-9474-1A3956D46DE8}") = "Calculators", "Calculators", "{E424E550-923C-4B0D-AF0D-6E6640580240}"
EndProject
Project("{FAE04EC0-301F-11D3-BF4B-00C04F79EFBC}") = "TaxCalculator.US", "Calculators\TaxCalculator.US\TaxCalculator.US.csproj", "{25023E04-0E5B-4774-A322-57B23C1D97A0}"
EndProject
Project("{FAE04EC0-301F-11D3-BF4B-00C04F79EFBC}") = "TaxCalculator.IN", "Calculators\TaxCalculator.IN\TaxCalculator.IN.csproj", "{2E41CF79-D6FF-403C-9AD8-5C76AACD0236}"
EndProject
Global
	GlobalSection(SolutionConfigurationPlatforms) = preSolution
		Debug|Any CPU = Debug|Any CPU
		Release|Any CPU = Release|Any CPU
	EndGlobalSection
	GlobalSection(ProjectConfigurationPlatforms) = postSolution
		{1B391664-156E-49B9-821E-A835E90BEFF0}.Debug|Any CPU.ActiveCfg = Debug|Any CPU
		{1B391664-156E-49B9-821E-A835E90BEFF0}.Debug|Any CPU.Build.0 = Debug|Any CPU
		{1B391664-156E-49B9-821E-A835E90BEFF0}.Release|Any CPU.ActiveCfg = Release|Any CPU
		{1B391664-156E-49B9-821E-A835E90BEFF0}.Release|Any CPU.Build.0 = Release|Any CPU
		{6D3238D2-50EF-44ED-9A60-32BA1E18C753}.Debug|Any CPU.ActiveCfg = Debug|Any CPU
		{6D3238D2-50EF-44ED-9A60-32BA1E18C753}.Debug|Any CPU.Build.0 = Debug|Any CPU
		{6D3238D2-50EF-44ED-9A60-32BA1E18C753}.Release|Any CPU.ActiveCfg = Release|Any CPU
		{6D3238D2-50EF-44ED-9A60-32BA1E18C753}.Release|Any CPU.Build.0 = Release|Any CPU
		{ED70CC79-3DCB-4076-A53D-BD97F153053F}.Debug|Any CPU.ActiveCfg = Debug|Any CPU
		{ED70CC79-3DCB-4076-A53D-BD97F153053F}.Debug|Any CPU.Build.0 = Debug|Any CPU
		{ED70CC79-3DCB-4076-A53D-BD97F153053F}.Release|Any CPU.ActiveCfg = Release|Any CPU
		{ED70CC79-3DCB-4076-A53D-BD97F153053F}.Release|Any CPU.Build.0 = Release|Any CPU
		{25023E04-0E5B-4774-A322-57B23C1D97A0}.Debug|Any CPU.ActiveCfg = Debug|Any CPU
		{25023E04-0E5B-4774-A322-57B23C1D97A0}.Debug|Any CPU.Build.0 = Debug|Any CPU
		{25023E04-0E5B-4774-A322-57B23C1D97A0}.Release|Any CPU.ActiveCfg = Release|Any CPU
		{25023E04-0E5B-4774-A322-57B23C1D97A0}.Release|Any CPU.Build.0 = Release|Any CPU
		{2E41CF79-D6FF-403C-9AD8-5C76AACD0236}.Debug|Any CPU.ActiveCfg = Debug|Any CPU
		{2E41CF79-D6FF-403C-9AD8-5C76AACD0236}.Debug|Any CPU.Build.0 = Debug|Any CPU
		{2E41CF79-D6FF-403C-9AD8-5C76AACD0236}.Release|Any CPU.ActiveCfg = Release|Any CPU
		{2E41CF79-D6FF-403C-9AD8-5C76AACD0236}.Release|Any CPU.Build.0 = Release|Any CPU
	EndGlobalSection
	GlobalSection(SolutionProperties) = preSolution
		HideSolutionNode = FALSE
	EndGlobalSection
	GlobalSection(NestedProjects) = preSolution
		{25023E04-0E5B-4774-A322-57B23C1D97A0} = {E424E550-923C-4B0D-AF0D-6E6640580240}
		{2E41CF79-D6FF-403C-9AD8-5C76AACD0236} = {E424E550-923C-4B0D-AF0D-6E6640580240}
	EndGlobalSection
	GlobalSection(ExtensibilityGlobals) = postSolution
		SolutionGuid = {A8DA9008-9961-44A5-8A7F-E0B738B6D2F6}
	EndGlobalSection
EndGlobal
